
Microsoft Visual Studio Solution File, Format Version 12.00
# Visual Studio 15
VisualStudioVersion = 15.0.27130.2020
MinimumVisualStudioVersion = 10.0.40219.1
Project("{8BC9CEB8-8B4A-11D0-8D11-00A0C91BC942}") = "Homework1", "CIS554_Homework1\CIS554_Homework1.vcxproj", "{AFC0E0E3-D3D7-4356-B149-71D3CB32B43E}"
EndProject
Project("{8BC9CEB8-8B4A-11D0-8D11-00A0C91BC942}") = "Exercise 4_1_PartA", "Exercise 4_1\Exercise 4_1.vcxproj", "{3C24B3FA-CC5B-481C-9A67-EE7EC43B083C}"
EndProject
Project("{8BC9CEB8-8B4A-11D0-8D11-00A0C91BC942}") = "Exercise 4_1 Part B", "Exercise 4_1 Part B\Exercise 4_1 Part B.vcxproj", "{ED33E37D-18DD-483E-9050-CC116E61D16D}"
EndProject
Project("{8BC9CEB8-8B4A-11D0-8D11-00A0C91BC942}") = "Exercise 4_1 Part C", "Exercise 4_1 Part C\Exercise 4_1 Part C.vcxproj", "{8C1B103D-28B2-4E50-A052-6F4356EE2CB6}"
EndProject
Project("{8BC9CEB8-8B4A-11D0-8D11-00A0C91BC942}") = "Exercise4_2 Part A", "Exercise4_2 Part A\Exercise4_2 Part A.vcxproj", "{98541A30-19A2-4F73-AFC0-DF8D355CEE67}"
EndProject
Project("{8BC9CEB8-8B4A-11D0-8D11-00A0C91BC942}") = "Exercise4_2 Part B", "Exercise4_2 Part B\Exercise4_2 Part B.vcxproj", "{8988A00D-7E6F-4A2C-822F-1BC34C1728E7}"
EndProject
Project("{8BC9CEB8-8B4A-11D0-8D11-00A0C91BC942}") = "Exercise4_3", "Exercise4_3\Exercise4_3.vcxproj", "{1F9F44C7-B44E-4EC8-921C-C00844E31302}"
EndProject
Project("{8BC9CEB8-8B4A-11D0-8D11-00A0C91BC942}") = "Exercise4_4", "Exercise4_4\Exercise4_4.vcxproj", "{88177E52-67D1-438D-BF5F-82D4536A843C}"
EndProject
Project("{8BC9CEB8-8B4A-11D0-8D11-00A0C91BC942}") = "Homework2", "Homework2\Homework2.vcxproj", "{71C2B4F1-6D7F-49F0-BCC0-EFF196627E4E}"
EndProject
Project("{8BC9CEB8-8B4A-11D0-8D11-00A0C91BC942}") = "Homework 3", "Homework 3\Homework 3.vcxproj", "{64237A78-FDAF-4163-A851-7F06E0FA24CC}"
EndProject
Project("{8BC9CEB8-8B4A-11D0-8D11-00A0C91BC942}") = "Exercise5_1", "Exercise5_1\Exercise5_1.vcxproj", "{663154A1-3F2F-45AE-8130-72F3ED6EC20C}"
EndProject
Project("{8BC9CEB8-8B4A-11D0-8D11-00A0C91BC942}") = "Exercise5_2", "Exercise5_2\Exercise5_2.vcxproj", "{6857BC0C-0DC2-4CDC-B657-04A812380960}"
EndProject
Project("{8BC9CEB8-8B4A-11D0-8D11-00A0C91BC942}") = "Exercise5_3", "Exercise5_3\Exercise5_3.vcxproj", "{C1AB847F-3199-4265-9361-72A3951C77D7}"
EndProject
Project("{8BC9CEB8-8B4A-11D0-8D11-00A0C91BC942}") = "Exercise5_4", "Exercise5_4\Exercise5_4.vcxproj", "{53674F04-9A34-458D-B5F4-46A0BE1F6A5A}"
EndProject
Project("{8BC9CEB8-8B4A-11D0-8D11-00A0C91BC942}") = "Exercise5_5", "Exercise5_5\Exercise5_5.vcxproj", "{433BA44A-B760-48E6-A64B-4BFFB4EC8D83}"
EndProject
Project("{8BC9CEB8-8B4A-11D0-8D11-00A0C91BC942}") = "Exercise5_6", "Exercise5_6\Exercise5_6.vcxproj", "{4E889A1A-D5F7-4A58-8B6E-C888CC031B50}"
EndProject
Project("{8BC9CEB8-8B4A-11D0-8D11-00A0C91BC942}") = "Exercise6_1", "Exercise6_1\Exercise6_1.vcxproj", "{F25242D0-F8D1-40E2-AC9C-C310F7F36426}"
EndProject
Project("{8BC9CEB8-8B4A-11D0-8D11-00A0C91BC942}") = "Exercise6_2", "Exercise6_2\Exercise6_2.vcxproj", "{3C2B4506-68D7-4E32-AE08-057B3B15100E}"
EndProject
Project("{8BC9CEB8-8B4A-11D0-8D11-00A0C91BC942}") = "Exercise6_3", "Exercise6_3\Exercise6_3.vcxproj", "{6B98E576-1C7C-4AD9-90CF-7E64AF0FB396}"
EndProject
Project("{8BC9CEB8-8B4A-11D0-8D11-00A0C91BC942}") = "Exercise6_4", "Exercise6_4\Exercise6_4.vcxproj", "{F4DD8AA3-33AC-4AE1-A0B5-1BC9EED5CAAE}"
EndProject
Project("{8BC9CEB8-8B4A-11D0-8D11-00A0C91BC942}") = "Homework 4", "Homework_4\Homework_4.vcxproj", "{305FF783-C3E8-429F-B76C-09763F1B36BD}"
EndProject
Project("{8BC9CEB8-8B4A-11D0-8D11-00A0C91BC942}") = "Exercise7_1", "Exercise7_1\Exercise7_1.vcxproj", "{43769791-EDB2-4025-85E7-183B08758F7A}"
EndProject
Project("{2150E333-8FDC-42A3-9474-1A3956D46DE8}") = "Solution Items", "Solution Items", "{550B7F2D-088E-44B8-8714-F44E02AF9625}"
EndProject
Project("{8BC9CEB8-8B4A-11D0-8D11-00A0C91BC942}") = "Exercise7_2", "Exercise7_2\Exercise7_2.vcxproj", "{051BFE82-E50C-4ACB-A073-6CD5D5582997}"
EndProject
Project("{8BC9CEB8-8B4A-11D0-8D11-00A0C91BC942}") = "Exercise8_1", "Exercise8_1\Exercise8_1.vcxproj", "{D441FF4B-091D-408F-A1DB-78A5A9CADDDF}"
EndProject
Project("{8BC9CEB8-8B4A-11D0-8D11-00A0C91BC942}") = "Homework5_SetTest", "Homework5\Homework5.vcxproj", "{DB263463-1F99-46FE-A6AB-88B90BE22E77}"
EndProject
Global
	GlobalSection(SolutionConfigurationPlatforms) = preSolution
		Debug|x64 = Debug|x64
		Debug|x86 = Debug|x86
		Release|x64 = Release|x64
		Release|x86 = Release|x86
	EndGlobalSection
	GlobalSection(ProjectConfigurationPlatforms) = postSolution
		{AFC0E0E3-D3D7-4356-B149-71D3CB32B43E}.Debug|x64.ActiveCfg = Release|x64
		{AFC0E0E3-D3D7-4356-B149-71D3CB32B43E}.Debug|x64.Build.0 = Release|x64
		{AFC0E0E3-D3D7-4356-B149-71D3CB32B43E}.Debug|x86.ActiveCfg = Release|x64
		{AFC0E0E3-D3D7-4356-B149-71D3CB32B43E}.Debug|x86.Build.0 = Release|x64
		{AFC0E0E3-D3D7-4356-B149-71D3CB32B43E}.Release|x64.ActiveCfg = Release|x64
		{AFC0E0E3-D3D7-4356-B149-71D3CB32B43E}.Release|x64.Build.0 = Release|x64
		{AFC0E0E3-D3D7-4356-B149-71D3CB32B43E}.Release|x86.ActiveCfg = Release|x64
		{AFC0E0E3-D3D7-4356-B149-71D3CB32B43E}.Release|x86.Build.0 = Release|x64
		{3C24B3FA-CC5B-481C-9A67-EE7EC43B083C}.Debug|x64.ActiveCfg = Release|x64
		{3C24B3FA-CC5B-481C-9A67-EE7EC43B083C}.Debug|x64.Build.0 = Release|x64
		{3C24B3FA-CC5B-481C-9A67-EE7EC43B083C}.Debug|x86.ActiveCfg = Release|x64
		{3C24B3FA-CC5B-481C-9A67-EE7EC43B083C}.Debug|x86.Build.0 = Release|x64
		{3C24B3FA-CC5B-481C-9A67-EE7EC43B083C}.Release|x64.ActiveCfg = Release|x64
		{3C24B3FA-CC5B-481C-9A67-EE7EC43B083C}.Release|x64.Build.0 = Release|x64
		{3C24B3FA-CC5B-481C-9A67-EE7EC43B083C}.Release|x86.ActiveCfg = Release|x64
		{3C24B3FA-CC5B-481C-9A67-EE7EC43B083C}.Release|x86.Build.0 = Release|x64
		{ED33E37D-18DD-483E-9050-CC116E61D16D}.Debug|x64.ActiveCfg = Release|x64
		{ED33E37D-18DD-483E-9050-CC116E61D16D}.Debug|x64.Build.0 = Release|x64
		{ED33E37D-18DD-483E-9050-CC116E61D16D}.Debug|x86.ActiveCfg = Release|x64
		{ED33E37D-18DD-483E-9050-CC116E61D16D}.Debug|x86.Build.0 = Release|x64
		{ED33E37D-18DD-483E-9050-CC116E61D16D}.Release|x64.ActiveCfg = Release|x64
		{ED33E37D-18DD-483E-9050-CC116E61D16D}.Release|x64.Build.0 = Release|x64
		{ED33E37D-18DD-483E-9050-CC116E61D16D}.Release|x86.ActiveCfg = Release|x64
		{ED33E37D-18DD-483E-9050-CC116E61D16D}.Release|x86.Build.0 = Release|x64
		{8C1B103D-28B2-4E50-A052-6F4356EE2CB6}.Debug|x64.ActiveCfg = Release|x64
		{8C1B103D-28B2-4E50-A052-6F4356EE2CB6}.Debug|x64.Build.0 = Release|x64
		{8C1B103D-28B2-4E50-A052-6F4356EE2CB6}.Debug|x86.ActiveCfg = Release|x64
		{8C1B103D-28B2-4E50-A052-6F4356EE2CB6}.Debug|x86.Build.0 = Release|x64
		{8C1B103D-28B2-4E50-A052-6F4356EE2CB6}.Release|x64.ActiveCfg = Release|x64
		{8C1B103D-28B2-4E50-A052-6F4356EE2CB6}.Release|x64.Build.0 = Release|x64
		{8C1B103D-28B2-4E50-A052-6F4356EE2CB6}.Release|x86.ActiveCfg = Release|x64
		{8C1B103D-28B2-4E50-A052-6F4356EE2CB6}.Release|x86.Build.0 = Release|x64
		{98541A30-19A2-4F73-AFC0-DF8D355CEE67}.Debug|x64.ActiveCfg = Release|x64
		{98541A30-19A2-4F73-AFC0-DF8D355CEE67}.Debug|x64.Build.0 = Release|x64
		{98541A30-19A2-4F73-AFC0-DF8D355CEE67}.Debug|x86.ActiveCfg = Release|x64
		{98541A30-19A2-4F73-AFC0-DF8D355CEE67}.Debug|x86.Build.0 = Release|x64
		{98541A30-19A2-4F73-AFC0-DF8D355CEE67}.Release|x64.ActiveCfg = Release|x64
		{98541A30-19A2-4F73-AFC0-DF8D355CEE67}.Release|x64.Build.0 = Release|x64
		{98541A30-19A2-4F73-AFC0-DF8D355CEE67}.Release|x86.ActiveCfg = Release|x64
		{98541A30-19A2-4F73-AFC0-DF8D355CEE67}.Release|x86.Build.0 = Release|x64
		{8988A00D-7E6F-4A2C-822F-1BC34C1728E7}.Debug|x64.ActiveCfg = Release|x64
		{8988A00D-7E6F-4A2C-822F-1BC34C1728E7}.Debug|x64.Build.0 = Release|x64
		{8988A00D-7E6F-4A2C-822F-1BC34C1728E7}.Debug|x86.ActiveCfg = Release|x64
		{8988A00D-7E6F-4A2C-822F-1BC34C1728E7}.Debug|x86.Build.0 = Release|x64
		{8988A00D-7E6F-4A2C-822F-1BC34C1728E7}.Release|x64.ActiveCfg = Release|x64
		{8988A00D-7E6F-4A2C-822F-1BC34C1728E7}.Release|x64.Build.0 = Release|x64
		{8988A00D-7E6F-4A2C-822F-1BC34C1728E7}.Release|x86.ActiveCfg = Release|x64
		{8988A00D-7E6F-4A2C-822F-1BC34C1728E7}.Release|x86.Build.0 = Release|x64
		{1F9F44C7-B44E-4EC8-921C-C00844E31302}.Debug|x64.ActiveCfg = Release|x64
		{1F9F44C7-B44E-4EC8-921C-C00844E31302}.Debug|x64.Build.0 = Release|x64
		{1F9F44C7-B44E-4EC8-921C-C00844E31302}.Debug|x86.ActiveCfg = Release|x64
		{1F9F44C7-B44E-4EC8-921C-C00844E31302}.Debug|x86.Build.0 = Release|x64
		{1F9F44C7-B44E-4EC8-921C-C00844E31302}.Release|x64.ActiveCfg = Release|x64
		{1F9F44C7-B44E-4EC8-921C-C00844E31302}.Release|x64.Build.0 = Release|x64
		{1F9F44C7-B44E-4EC8-921C-C00844E31302}.Release|x86.ActiveCfg = Release|x64
		{1F9F44C7-B44E-4EC8-921C-C00844E31302}.Release|x86.Build.0 = Release|x64
		{88177E52-67D1-438D-BF5F-82D4536A843C}.Debug|x64.ActiveCfg = Release|x64
		{88177E52-67D1-438D-BF5F-82D4536A843C}.Debug|x64.Build.0 = Release|x64
		{88177E52-67D1-438D-BF5F-82D4536A843C}.Debug|x86.ActiveCfg = Release|x64
		{88177E52-67D1-438D-BF5F-82D4536A843C}.Debug|x86.Build.0 = Release|x64
		{88177E52-67D1-438D-BF5F-82D4536A843C}.Release|x64.ActiveCfg = Release|x64
		{88177E52-67D1-438D-BF5F-82D4536A843C}.Release|x64.Build.0 = Release|x64
		{88177E52-67D1-438D-BF5F-82D4536A843C}.Release|x86.ActiveCfg = Release|x64
		{88177E52-67D1-438D-BF5F-82D4536A843C}.Release|x86.Build.0 = Release|x64
		{71C2B4F1-6D7F-49F0-BCC0-EFF196627E4E}.Debug|x64.ActiveCfg = Release|x64
		{71C2B4F1-6D7F-49F0-BCC0-EFF196627E4E}.Debug|x64.Build.0 = Release|x64
		{71C2B4F1-6D7F-49F0-BCC0-EFF196627E4E}.Debug|x86.ActiveCfg = Release|x64
		{71C2B4F1-6D7F-49F0-BCC0-EFF196627E4E}.Debug|x86.Build.0 = Release|x64
		{71C2B4F1-6D7F-49F0-BCC0-EFF196627E4E}.Release|x64.ActiveCfg = Release|x64
		{71C2B4F1-6D7F-49F0-BCC0-EFF196627E4E}.Release|x64.Build.0 = Release|x64
		{71C2B4F1-6D7F-49F0-BCC0-EFF196627E4E}.Release|x86.ActiveCfg = Release|x64
		{71C2B4F1-6D7F-49F0-BCC0-EFF196627E4E}.Release|x86.Build.0 = Release|x64
		{64237A78-FDAF-4163-A851-7F06E0FA24CC}.Debug|x64.ActiveCfg = Release|x64
		{64237A78-FDAF-4163-A851-7F06E0FA24CC}.Debug|x64.Build.0 = Release|x64
		{64237A78-FDAF-4163-A851-7F06E0FA24CC}.Debug|x86.ActiveCfg = Release|x64
		{64237A78-FDAF-4163-A851-7F06E0FA24CC}.Debug|x86.Build.0 = Release|x64
		{64237A78-FDAF-4163-A851-7F06E0FA24CC}.Release|x64.ActiveCfg = Release|x64
		{64237A78-FDAF-4163-A851-7F06E0FA24CC}.Release|x64.Build.0 = Release|x64
		{64237A78-FDAF-4163-A851-7F06E0FA24CC}.Release|x86.ActiveCfg = Release|x64
		{64237A78-FDAF-4163-A851-7F06E0FA24CC}.Release|x86.Build.0 = Release|x64
		{663154A1-3F2F-45AE-8130-72F3ED6EC20C}.Debug|x64.ActiveCfg = Release|x64
		{663154A1-3F2F-45AE-8130-72F3ED6EC20C}.Debug|x64.Build.0 = Release|x64
		{663154A1-3F2F-45AE-8130-72F3ED6EC20C}.Debug|x86.ActiveCfg = Release|x64
		{663154A1-3F2F-45AE-8130-72F3ED6EC20C}.Debug|x86.Build.0 = Release|x64
		{663154A1-3F2F-45AE-8130-72F3ED6EC20C}.Release|x64.ActiveCfg = Release|x64
		{663154A1-3F2F-45AE-8130-72F3ED6EC20C}.Release|x64.Build.0 = Release|x64
		{663154A1-3F2F-45AE-8130-72F3ED6EC20C}.Release|x86.ActiveCfg = Release|x64
		{663154A1-3F2F-45AE-8130-72F3ED6EC20C}.Release|x86.Build.0 = Release|x64
		{6857BC0C-0DC2-4CDC-B657-04A812380960}.Debug|x64.ActiveCfg = Release|x64
		{6857BC0C-0DC2-4CDC-B657-04A812380960}.Debug|x64.Build.0 = Release|x64
		{6857BC0C-0DC2-4CDC-B657-04A812380960}.Debug|x86.ActiveCfg = Release|x64
		{6857BC0C-0DC2-4CDC-B657-04A812380960}.Debug|x86.Build.0 = Release|x64
		{6857BC0C-0DC2-4CDC-B657-04A812380960}.Release|x64.ActiveCfg = Release|x64
		{6857BC0C-0DC2-4CDC-B657-04A812380960}.Release|x64.Build.0 = Release|x64
		{6857BC0C-0DC2-4CDC-B657-04A812380960}.Release|x86.ActiveCfg = Release|x64
		{6857BC0C-0DC2-4CDC-B657-04A812380960}.Release|x86.Build.0 = Release|x64
		{C1AB847F-3199-4265-9361-72A3951C77D7}.Debug|x64.ActiveCfg = Release|x64
		{C1AB847F-3199-4265-9361-72A3951C77D7}.Debug|x64.Build.0 = Release|x64
		{C1AB847F-3199-4265-9361-72A3951C77D7}.Debug|x86.ActiveCfg = Release|x64
		{C1AB847F-3199-4265-9361-72A3951C77D7}.Debug|x86.Build.0 = Release|x64
		{C1AB847F-3199-4265-9361-72A3951C77D7}.Release|x64.ActiveCfg = Release|x64
		{C1AB847F-3199-4265-9361-72A3951C77D7}.Release|x64.Build.0 = Release|x64
		{C1AB847F-3199-4265-9361-72A3951C77D7}.Release|x86.ActiveCfg = Release|x64
		{C1AB847F-3199-4265-9361-72A3951C77D7}.Release|x86.Build.0 = Release|x64
		{53674F04-9A34-458D-B5F4-46A0BE1F6A5A}.Debug|x64.ActiveCfg = Release|x64
		{53674F04-9A34-458D-B5F4-46A0BE1F6A5A}.Debug|x64.Build.0 = Release|x64
		{53674F04-9A34-458D-B5F4-46A0BE1F6A5A}.Debug|x86.ActiveCfg = Release|x64
		{53674F04-9A34-458D-B5F4-46A0BE1F6A5A}.Debug|x86.Build.0 = Release|x64
		{53674F04-9A34-458D-B5F4-46A0BE1F6A5A}.Release|x64.ActiveCfg = Release|x64
		{53674F04-9A34-458D-B5F4-46A0BE1F6A5A}.Release|x64.Build.0 = Release|x64
		{53674F04-9A34-458D-B5F4-46A0BE1F6A5A}.Release|x86.ActiveCfg = Release|x64
		{53674F04-9A34-458D-B5F4-46A0BE1F6A5A}.Release|x86.Build.0 = Release|x64
		{433BA44A-B760-48E6-A64B-4BFFB4EC8D83}.Debug|x64.ActiveCfg = Release|x64
		{433BA44A-B760-48E6-A64B-4BFFB4EC8D83}.Debug|x64.Build.0 = Release|x64
		{433BA44A-B760-48E6-A64B-4BFFB4EC8D83}.Debug|x86.ActiveCfg = Release|x64
		{433BA44A-B760-48E6-A64B-4BFFB4EC8D83}.Debug|x86.Build.0 = Release|x64
		{433BA44A-B760-48E6-A64B-4BFFB4EC8D83}.Release|x64.ActiveCfg = Release|x64
		{433BA44A-B760-48E6-A64B-4BFFB4EC8D83}.Release|x64.Build.0 = Release|x64
		{433BA44A-B760-48E6-A64B-4BFFB4EC8D83}.Release|x86.ActiveCfg = Release|x64
		{433BA44A-B760-48E6-A64B-4BFFB4EC8D83}.Release|x86.Build.0 = Release|x64
		{4E889A1A-D5F7-4A58-8B6E-C888CC031B50}.Debug|x64.ActiveCfg = Debug|x64
		{4E889A1A-D5F7-4A58-8B6E-C888CC031B50}.Debug|x64.Build.0 = Debug|x64
		{4E889A1A-D5F7-4A58-8B6E-C888CC031B50}.Debug|x86.ActiveCfg = Debug|x64
		{4E889A1A-D5F7-4A58-8B6E-C888CC031B50}.Debug|x86.Build.0 = Debug|x64
		{4E889A1A-D5F7-4A58-8B6E-C888CC031B50}.Release|x64.ActiveCfg = Release|x64
		{4E889A1A-D5F7-4A58-8B6E-C888CC031B50}.Release|x64.Build.0 = Release|x64
		{4E889A1A-D5F7-4A58-8B6E-C888CC031B50}.Release|x86.ActiveCfg = Debug|x64
		{4E889A1A-D5F7-4A58-8B6E-C888CC031B50}.Release|x86.Build.0 = Debug|x64
		{F25242D0-F8D1-40E2-AC9C-C310F7F36426}.Debug|x64.ActiveCfg = Debug|x64
		{F25242D0-F8D1-40E2-AC9C-C310F7F36426}.Debug|x64.Build.0 = Debug|x64
		{F25242D0-F8D1-40E2-AC9C-C310F7F36426}.Debug|x86.ActiveCfg = Debug|x64
		{F25242D0-F8D1-40E2-AC9C-C310F7F36426}.Debug|x86.Build.0 = Debug|x64
		{F25242D0-F8D1-40E2-AC9C-C310F7F36426}.Release|x64.ActiveCfg = Release|x64
		{F25242D0-F8D1-40E2-AC9C-C310F7F36426}.Release|x64.Build.0 = Release|x64
		{F25242D0-F8D1-40E2-AC9C-C310F7F36426}.Release|x86.ActiveCfg = Debug|x64
		{F25242D0-F8D1-40E2-AC9C-C310F7F36426}.Release|x86.Build.0 = Debug|x64
		{3C2B4506-68D7-4E32-AE08-057B3B15100E}.Debug|x64.ActiveCfg = Debug|x64
		{3C2B4506-68D7-4E32-AE08-057B3B15100E}.Debug|x64.Build.0 = Debug|x64
		{3C2B4506-68D7-4E32-AE08-057B3B15100E}.Debug|x86.ActiveCfg = Debug|x64
		{3C2B4506-68D7-4E32-AE08-057B3B15100E}.Debug|x86.Build.0 = Debug|x64
		{3C2B4506-68D7-4E32-AE08-057B3B15100E}.Release|x64.ActiveCfg = Release|x64
		{3C2B4506-68D7-4E32-AE08-057B3B15100E}.Release|x64.Build.0 = Release|x64
		{3C2B4506-68D7-4E32-AE08-057B3B15100E}.Release|x86.ActiveCfg = Debug|x64
		{3C2B4506-68D7-4E32-AE08-057B3B15100E}.Release|x86.Build.0 = Debug|x64
		{6B98E576-1C7C-4AD9-90CF-7E64AF0FB396}.Debug|x64.ActiveCfg = Debug|x64
		{6B98E576-1C7C-4AD9-90CF-7E64AF0FB396}.Debug|x64.Build.0 = Debug|x64
		{6B98E576-1C7C-4AD9-90CF-7E64AF0FB396}.Debug|x86.ActiveCfg = Debug|x64
		{6B98E576-1C7C-4AD9-90CF-7E64AF0FB396}.Debug|x86.Build.0 = Debug|x64
		{6B98E576-1C7C-4AD9-90CF-7E64AF0FB396}.Release|x64.ActiveCfg = Release|x64
		{6B98E576-1C7C-4AD9-90CF-7E64AF0FB396}.Release|x64.Build.0 = Release|x64
		{6B98E576-1C7C-4AD9-90CF-7E64AF0FB396}.Release|x86.ActiveCfg = Debug|x64
		{6B98E576-1C7C-4AD9-90CF-7E64AF0FB396}.Release|x86.Build.0 = Debug|x64
		{F4DD8AA3-33AC-4AE1-A0B5-1BC9EED5CAAE}.Debug|x64.ActiveCfg = Debug|x64
		{F4DD8AA3-33AC-4AE1-A0B5-1BC9EED5CAAE}.Debug|x64.Build.0 = Debug|x64
		{F4DD8AA3-33AC-4AE1-A0B5-1BC9EED5CAAE}.Debug|x86.ActiveCfg = Debug|x64
		{F4DD8AA3-33AC-4AE1-A0B5-1BC9EED5CAAE}.Debug|x86.Build.0 = Debug|x64
		{F4DD8AA3-33AC-4AE1-A0B5-1BC9EED5CAAE}.Release|x64.ActiveCfg = Release|x64
		{F4DD8AA3-33AC-4AE1-A0B5-1BC9EED5CAAE}.Release|x64.Build.0 = Release|x64
		{F4DD8AA3-33AC-4AE1-A0B5-1BC9EED5CAAE}.Release|x86.ActiveCfg = Debug|x64
		{F4DD8AA3-33AC-4AE1-A0B5-1BC9EED5CAAE}.Release|x86.Build.0 = Debug|x64
		{305FF783-C3E8-429F-B76C-09763F1B36BD}.Debug|x64.ActiveCfg = Debug|x64
		{305FF783-C3E8-429F-B76C-09763F1B36BD}.Debug|x64.Build.0 = Debug|x64
		{305FF783-C3E8-429F-B76C-09763F1B36BD}.Debug|x86.ActiveCfg = Debug|Win32
		{305FF783-C3E8-429F-B76C-09763F1B36BD}.Debug|x86.Build.0 = Debug|Win32
		{305FF783-C3E8-429F-B76C-09763F1B36BD}.Release|x64.ActiveCfg = Release|x64
		{305FF783-C3E8-429F-B76C-09763F1B36BD}.Release|x64.Build.0 = Release|x64
		{305FF783-C3E8-429F-B76C-09763F1B36BD}.Release|x86.ActiveCfg = Debug|x64
		{305FF783-C3E8-429F-B76C-09763F1B36BD}.Release|x86.Build.0 = Debug|x64
		{43769791-EDB2-4025-85E7-183B08758F7A}.Debug|x64.ActiveCfg = Debug|x64
		{43769791-EDB2-4025-85E7-183B08758F7A}.Debug|x64.Build.0 = Debug|x64
		{43769791-EDB2-4025-85E7-183B08758F7A}.Debug|x86.ActiveCfg = Debug|x64
		{43769791-EDB2-4025-85E7-183B08758F7A}.Debug|x86.Build.0 = Debug|x64
		{43769791-EDB2-4025-85E7-183B08758F7A}.Release|x64.ActiveCfg = Release|x64
		{43769791-EDB2-4025-85E7-183B08758F7A}.Release|x64.Build.0 = Release|x64
		{43769791-EDB2-4025-85E7-183B08758F7A}.Release|x86.ActiveCfg = Debug|x64
		{43769791-EDB2-4025-85E7-183B08758F7A}.Release|x86.Build.0 = Debug|x64
		{051BFE82-E50C-4ACB-A073-6CD5D5582997}.Debug|x64.ActiveCfg = Debug|x64
		{051BFE82-E50C-4ACB-A073-6CD5D5582997}.Debug|x64.Build.0 = Debug|x64
		{051BFE82-E50C-4ACB-A073-6CD5D5582997}.Debug|x86.ActiveCfg = Debug|x64
		{051BFE82-E50C-4ACB-A073-6CD5D5582997}.Debug|x86.Build.0 = Debug|x64
		{051BFE82-E50C-4ACB-A073-6CD5D5582997}.Release|x64.ActiveCfg = Release|x64
		{051BFE82-E50C-4ACB-A073-6CD5D5582997}.Release|x64.Build.0 = Release|x64
		{051BFE82-E50C-4ACB-A073-6CD5D5582997}.Release|x86.ActiveCfg = Debug|x64
		{051BFE82-E50C-4ACB-A073-6CD5D5582997}.Release|x86.Build.0 = Debug|x64
		{D441FF4B-091D-408F-A1DB-78A5A9CADDDF}.Debug|x64.ActiveCfg = Debug|x64
		{D441FF4B-091D-408F-A1DB-78A5A9CADDDF}.Debug|x64.Build.0 = Debug|x64
		{D441FF4B-091D-408F-A1DB-78A5A9CADDDF}.Debug|x86.ActiveCfg = Debug|x64
		{D441FF4B-091D-408F-A1DB-78A5A9CADDDF}.Debug|x86.Build.0 = Debug|x64
		{D441FF4B-091D-408F-A1DB-78A5A9CADDDF}.Release|x64.ActiveCfg = Release|x64
		{D441FF4B-091D-408F-A1DB-78A5A9CADDDF}.Release|x64.Build.0 = Release|x64
		{D441FF4B-091D-408F-A1DB-78A5A9CADDDF}.Release|x86.ActiveCfg = Debug|x64
		{D441FF4B-091D-408F-A1DB-78A5A9CADDDF}.Release|x86.Build.0 = Debug|x64
		{DB263463-1F99-46FE-A6AB-88B90BE22E77}.Debug|x64.ActiveCfg = Debug|x64
		{DB263463-1F99-46FE-A6AB-88B90BE22E77}.Debug|x64.Build.0 = Debug|x64
		{DB263463-1F99-46FE-A6AB-88B90BE22E77}.Debug|x86.ActiveCfg = Debug|Win32
		{DB263463-1F99-46FE-A6AB-88B90BE22E77}.Debug|x86.Build.0 = Debug|Win32
		{DB263463-1F99-46FE-A6AB-88B90BE22E77}.Release|x64.ActiveCfg = Release|x64
		{DB263463-1F99-46FE-A6AB-88B90BE22E77}.Release|x64.Build.0 = Release|x64
		{DB263463-1F99-46FE-A6AB-88B90BE22E77}.Release|x86.ActiveCfg = Release|Win32
		{DB263463-1F99-46FE-A6AB-88B90BE22E77}.Release|x86.Build.0 = Release|Win32
	EndGlobalSection
	GlobalSection(SolutionProperties) = preSolution
		HideSolutionNode = FALSE
	EndGlobalSection
	GlobalSection(ExtensibilityGlobals) = postSolution
		SolutionGuid = {F90C2167-5733-42A4-B721-997375E2B0A2}
	EndGlobalSection
EndGlobal
